
Microsoft Visual Studio Solution File, Format Version 12.00
# Visual Studio Version 16
VisualStudioVersion = 16.0.29509.3
MinimumVisualStudioVersion = 10.0.40219.1
Project("{FAE04EC0-301F-11D3-BF4B-00C04F79EFBC}") = "UDPSocketProject", "UDPSocketProject.csproj", "{E04DDA0C-7739-4377-AB4D-1FC7DC36A028}"
EndProject
Global
	GlobalSection(SolutionConfigurationPlatforms) = preSolution
		Debug|Any CPU = Debug|Any CPU
		Release|Any CPU = Release|Any CPU
	EndGlobalSection
	GlobalSection(ProjectConfigurationPlatforms) = postSolution
		{E04DDA0C-7739-4377-AB4D-1FC7DC36A028}.Debug|Any CPU.ActiveCfg = Debug|Any CPU
		{E04DDA0C-7739-4377-AB4D-1FC7DC36A028}.Debug|Any CPU.Build.0 = Debug|Any CPU
		{E04DDA0C-7739-4377-AB4D-1FC7DC36A028}.Release|Any CPU.ActiveCfg = Release|Any CPU
		{E04DDA0C-7739-4377-AB4D-1FC7DC36A028}.Release|Any CPU.Build.0 = Release|Any CPU
	EndGlobalSection
	GlobalSection(SolutionProperties) = preSolution
		HideSolutionNode = FALSE
	EndGlobalSection
	GlobalSection(ExtensibilityGlobals) = postSolution
		SolutionGuid = {9144BB50-6C28-453E-ADC4-7079C8B30F91}
	EndGlobalSection
EndGlobal
